
Microsoft Visual Studio Solution File, Format Version 12.00
# Visual Studio Version 16
VisualStudioVersion = 16.0.32002.261
MinimumVisualStudioVersion = 10.0.40219.1
Project("{FAE04EC0-301F-11D3-BF4B-00C04F79EFBC}") = "CodeWars", "CodeWars\CodeWars.csproj", "{5430530A-B154-444E-A085-0ADB6A9861C6}"
EndProject
Project("{FAE04EC0-301F-11D3-BF4B-00C04F79EFBC}") = "CodeWarsUnitTests", "CodeWarsUnitTests\CodeWarsUnitTests.csproj", "{8A71B906-F0F7-4CC0-B688-A95AF5E06293}"
EndProject
Global
	GlobalSection(SolutionConfigurationPlatforms) = preSolution
		Debug|Any CPU = Debug|Any CPU
		Release|Any CPU = Release|Any CPU
	EndGlobalSection
	GlobalSection(ProjectConfigurationPlatforms) = postSolution
		{5430530A-B154-444E-A085-0ADB6A9861C6}.Debug|Any CPU.ActiveCfg = Debug|Any CPU
		{5430530A-B154-444E-A085-0ADB6A9861C6}.Debug|Any CPU.Build.0 = Debug|Any CPU
		{5430530A-B154-444E-A085-0ADB6A9861C6}.Release|Any CPU.ActiveCfg = Release|Any CPU
		{5430530A-B154-444E-A085-0ADB6A9861C6}.Release|Any CPU.Build.0 = Release|Any CPU
		{8A71B906-F0F7-4CC0-B688-A95AF5E06293}.Debug|Any CPU.ActiveCfg = Debug|Any CPU
		{8A71B906-F0F7-4CC0-B688-A95AF5E06293}.Debug|Any CPU.Build.0 = Debug|Any CPU
		{8A71B906-F0F7-4CC0-B688-A95AF5E06293}.Release|Any CPU.ActiveCfg = Release|Any CPU
		{8A71B906-F0F7-4CC0-B688-A95AF5E06293}.Release|Any CPU.Build.0 = Release|Any CPU
	EndGlobalSection
	GlobalSection(SolutionProperties) = preSolution
		HideSolutionNode = FALSE
	EndGlobalSection
	GlobalSection(ExtensibilityGlobals) = postSolution
		SolutionGuid = {B3EA4265-F71A-48AA-AD12-26F2BD55494B}
	EndGlobalSection
EndGlobal
